// !$*UTF8*$!
{
	archiveVersion = 1;
	classes = {
	};
	objectVersion = 48;
	objects = {

/* Begin PBXBuildFile section */
		3C25B2442056276800F59B24 /* AppDelegate.swift in Sources */ = {isa = PBXBuildFile; fileRef = 3C25B2432056276800F59B24 /* AppDelegate.swift */; };
		3C25B2462056276800F59B24 /* ViewController.swift in Sources */ = {isa = PBXBuildFile; fileRef = 3C25B2452056276800F59B24 /* ViewController.swift */; };
		3C25B2492056276800F59B24 /* Main.storyboard in Resources */ = {isa = PBXBuildFile; fileRef = 3C25B2472056276800F59B24 /* Main.storyboard */; };
		3C25B24B2056276800F59B24 /* Assets.xcassets in Resources */ = {isa = PBXBuildFile; fileRef = 3C25B24A2056276800F59B24 /* Assets.xcassets */; };
		3C25B24E2056276800F59B24 /* LaunchScreen.storyboard in Resources */ = {isa = PBXBuildFile; fileRef = 3C25B24C2056276800F59B24 /* LaunchScreen.storyboard */; };
		6B308FAD7E8803A917E9629F /* Pods_MandrakeKitDemo_OC.framework in Frameworks */ = {isa = PBXBuildFile; fileRef = 703603CA239CB6326EFE4AB4 /* Pods_MandrakeKitDemo_OC.framework */; };
		6E1005EE4767118149FF422C /* Pods_MandrakeKitDemo.framework in Frameworks */ = {isa = PBXBuildFile; fileRef = FA9E28485C5CA7637BDB0AD7 /* Pods_MandrakeKitDemo.framework */; };
		B60D3D6E205675ED004C71BE /* Foo.swift in Sources */ = {isa = PBXBuildFile; fileRef = B60D3D6D205675ED004C71BE /* Foo.swift */; };
		B65B0921205671A0008ED8AD /* AppDelegate.m in Sources */ = {isa = PBXBuildFile; fileRef = B65B0920205671A0008ED8AD /* AppDelegate.m */; };
		B65B0924205671A0008ED8AD /* ViewController.m in Sources */ = {isa = PBXBuildFile; fileRef = B65B0923205671A0008ED8AD /* ViewController.m */; };
		B65B0927205671A0008ED8AD /* Main.storyboard in Resources */ = {isa = PBXBuildFile; fileRef = B65B0925205671A0008ED8AD /* Main.storyboard */; };
		B65B0929205671A0008ED8AD /* Assets.xcassets in Resources */ = {isa = PBXBuildFile; fileRef = B65B0928205671A0008ED8AD /* Assets.xcassets */; };
		B65B092C205671A0008ED8AD /* LaunchScreen.storyboard in Resources */ = {isa = PBXBuildFile; fileRef = B65B092A205671A0008ED8AD /* LaunchScreen.storyboard */; };
		B65B092F205671A0008ED8AD /* main.m in Sources */ = {isa = PBXBuildFile; fileRef = B65B092E205671A0008ED8AD /* main.m */; };
/* End PBXBuildFile section */

/* Begin PBXFileReference section */
		19F960D534116E780EC54401 /* Pods-MandrakeKitDemo-OC.release.xcconfig */ = {isa = PBXFileReference; includeInIndex = 1; lastKnownFileType = text.xcconfig; name = "Pods-MandrakeKitDemo-OC.release.xcconfig"; path = "Pods/Target Support Files/Pods-MandrakeKitDemo-OC/Pods-MandrakeKitDemo-OC.release.xcconfig"; sourceTree = "<group>"; };
		3C25B2402056276800F59B24 /* MandrakeKitDemo.app */ = {isa = PBXFileReference; explicitFileType = wrapper.application; includeInIndex = 0; path = MandrakeKitDemo.app; sourceTree = BUILT_PRODUCTS_DIR; };
		3C25B2432056276800F59B24 /* AppDelegate.swift */ = {isa = PBXFileReference; lastKnownFileType = sourcecode.swift; path = AppDelegate.swift; sourceTree = "<group>"; };
		3C25B2452056276800F59B24 /* ViewController.swift */ = {isa = PBXFileReference; lastKnownFileType = sourcecode.swift; path = ViewController.swift; sourceTree = "<group>"; };
		3C25B2482056276800F59B24 /* Base */ = {isa = PBXFileReference; lastKnownFileType = file.storyboard; name = Base; path = Base.lproj/Main.storyboard; sourceTree = "<group>"; };
		3C25B24A2056276800F59B24 /* Assets.xcassets */ = {isa = PBXFileReference; lastKnownFileType = folder.assetcatalog; path = Assets.xcassets; sourceTree = "<group>"; };
		3C25B24D2056276800F59B24 /* Base */ = {isa = PBXFileReference; lastKnownFileType = file.storyboard; name = Base; path = Base.lproj/LaunchScreen.storyboard; sourceTree = "<group>"; };
		3C25B24F2056276800F59B24 /* Info.plist */ = {isa = PBXFileReference; lastKnownFileType = text.plist.xml; path = Info.plist; sourceTree = "<group>"; };
		703603CA239CB6326EFE4AB4 /* Pods_MandrakeKitDemo_OC.framework */ = {isa = PBXFileReference; explicitFileType = wrapper.framework; includeInIndex = 0; path = Pods_MandrakeKitDemo_OC.framework; sourceTree = BUILT_PRODUCTS_DIR; };
		B60D3D6D205675ED004C71BE /* Foo.swift */ = {isa = PBXFileReference; lastKnownFileType = sourcecode.swift; path = Foo.swift; sourceTree = "<group>"; };
		B65B091D205671A0008ED8AD /* MandrakeKitDemo-OC.app */ = {isa = PBXFileReference; explicitFileType = wrapper.application; includeInIndex = 0; path = "MandrakeKitDemo-OC.app"; sourceTree = BUILT_PRODUCTS_DIR; };
		B65B091F205671A0008ED8AD /* AppDelegate.h */ = {isa = PBXFileReference; lastKnownFileType = sourcecode.c.h; path = AppDelegate.h; sourceTree = "<group>"; };
		B65B0920205671A0008ED8AD /* AppDelegate.m */ = {isa = PBXFileReference; lastKnownFileType = sourcecode.c.objc; path = AppDelegate.m; sourceTree = "<group>"; };
		B65B0922205671A0008ED8AD /* ViewController.h */ = {isa = PBXFileReference; lastKnownFileType = sourcecode.c.h; path = ViewController.h; sourceTree = "<group>"; };
		B65B0923205671A0008ED8AD /* ViewController.m */ = {isa = PBXFileReference; lastKnownFileType = sourcecode.c.objc; path = ViewController.m; sourceTree = "<group>"; };
		B65B0926205671A0008ED8AD /* Base */ = {isa = PBXFileReference; lastKnownFileType = file.storyboard; name = Base; path = Base.lproj/Main.storyboard; sourceTree = "<group>"; };
		B65B0928205671A0008ED8AD /* Assets.xcassets */ = {isa = PBXFileReference; lastKnownFileType = folder.assetcatalog; path = Assets.xcassets; sourceTree = "<group>"; };
		B65B092B205671A0008ED8AD /* Base */ = {isa = PBXFileReference; lastKnownFileType = file.storyboard; name = Base; path = Base.lproj/LaunchScreen.storyboard; sourceTree = "<group>"; };
		B65B092D205671A0008ED8AD /* Info.plist */ = {isa = PBXFileReference; lastKnownFileType = text.plist.xml; path = Info.plist; sourceTree = "<group>"; };
		B65B092E205671A0008ED8AD /* main.m */ = {isa = PBXFileReference; lastKnownFileType = sourcecode.c.objc; path = main.m; sourceTree = "<group>"; };
		D0A2CD47CE6063FD96940741 /* Pods-MandrakeKitDemo-OC.debug.xcconfig */ = {isa = PBXFileReference; includeInIndex = 1; lastKnownFileType = text.xcconfig; name = "Pods-MandrakeKitDemo-OC.debug.xcconfig"; path = "Pods/Target Support Files/Pods-MandrakeKitDemo-OC/Pods-MandrakeKitDemo-OC.debug.xcconfig"; sourceTree = "<group>"; };
		D0B5F836C6B397E3C0C19467 /* Pods-MandrakeKitDemo.release.xcconfig */ = {isa = PBXFileReference; includeInIndex = 1; lastKnownFileType = text.xcconfig; name = "Pods-MandrakeKitDemo.release.xcconfig"; path = "Pods/Target Support Files/Pods-MandrakeKitDemo/Pods-MandrakeKitDemo.release.xcconfig"; sourceTree = "<group>"; };
		FA9E28485C5CA7637BDB0AD7 /* Pods_MandrakeKitDemo.framework */ = {isa = PBXFileReference; explicitFileType = wrapper.framework; includeInIndex = 0; path = Pods_MandrakeKitDemo.framework; sourceTree = BUILT_PRODUCTS_DIR; };
		FC0F8EC6B7D020AFEEC1196D /* Pods-MandrakeKitDemo.debug.xcconfig */ = {isa = PBXFileReference; includeInIndex = 1; lastKnownFileType = text.xcconfig; name = "Pods-MandrakeKitDemo.debug.xcconfig"; path = "Pods/Target Support Files/Pods-MandrakeKitDemo/Pods-MandrakeKitDemo.debug.xcconfig"; sourceTree = "<group>"; };
/* End PBXFileReference section */

/* Begin PBXFrameworksBuildPhase section */
		3C25B23D2056276800F59B24 /* Frameworks */ = {
			isa = PBXFrameworksBuildPhase;
			buildActionMask = 2147483647;
			files = (
				6E1005EE4767118149FF422C /* Pods_MandrakeKitDemo.framework in Frameworks */,
			);
			runOnlyForDeploymentPostprocessing = 0;
		};
		B65B091A205671A0008ED8AD /* Frameworks */ = {
			isa = PBXFrameworksBuildPhase;
			buildActionMask = 2147483647;
			files = (
				6B308FAD7E8803A917E9629F /* Pods_MandrakeKitDemo_OC.framework in Frameworks */,
			);
			runOnlyForDeploymentPostprocessing = 0;
		};
/* End PBXFrameworksBuildPhase section */

/* Begin PBXGroup section */
		3C25B2372056276800F59B24 = {
			isa = PBXGroup;
			children = (
				3C25B2422056276800F59B24 /* MandrakeKitDemo */,
				B65B091E205671A0008ED8AD /* MandrakeKitDemo-OC */,
				3C25B2412056276800F59B24 /* Products */,
				97B7E0A58C1DBCC98AB39BE7 /* Pods */,
				8AF4B3AFB346816DA45C9172 /* Frameworks */,
			);
			sourceTree = "<group>";
		};
		3C25B2412056276800F59B24 /* Products */ = {
			isa = PBXGroup;
			children = (
				3C25B2402056276800F59B24 /* MandrakeKitDemo.app */,
				B65B091D205671A0008ED8AD /* MandrakeKitDemo-OC.app */,
			);
			name = Products;
			sourceTree = "<group>";
		};
		3C25B2422056276800F59B24 /* MandrakeKitDemo */ = {
			isa = PBXGroup;
			children = (
				3C25B2432056276800F59B24 /* AppDelegate.swift */,
				3C25B2452056276800F59B24 /* ViewController.swift */,
				3C25B2472056276800F59B24 /* Main.storyboard */,
				3C25B24A2056276800F59B24 /* Assets.xcassets */,
				3C25B24C2056276800F59B24 /* LaunchScreen.storyboard */,
				3C25B24F2056276800F59B24 /* Info.plist */,
			);
			path = MandrakeKitDemo;
			sourceTree = "<group>";
		};
		8AF4B3AFB346816DA45C9172 /* Frameworks */ = {
			isa = PBXGroup;
			children = (
				FA9E28485C5CA7637BDB0AD7 /* Pods_MandrakeKitDemo.framework */,
				703603CA239CB6326EFE4AB4 /* Pods_MandrakeKitDemo_OC.framework */,
			);
			name = Frameworks;
			sourceTree = "<group>";
		};
		97B7E0A58C1DBCC98AB39BE7 /* Pods */ = {
			isa = PBXGroup;
			children = (
				FC0F8EC6B7D020AFEEC1196D /* Pods-MandrakeKitDemo.debug.xcconfig */,
				D0B5F836C6B397E3C0C19467 /* Pods-MandrakeKitDemo.release.xcconfig */,
				D0A2CD47CE6063FD96940741 /* Pods-MandrakeKitDemo-OC.debug.xcconfig */,
				19F960D534116E780EC54401 /* Pods-MandrakeKitDemo-OC.release.xcconfig */,
			);
			name = Pods;
			sourceTree = "<group>";
		};
		B65B091E205671A0008ED8AD /* MandrakeKitDemo-OC */ = {
			isa = PBXGroup;
			children = (
				B65B091F205671A0008ED8AD /* AppDelegate.h */,
				B65B0920205671A0008ED8AD /* AppDelegate.m */,
				B65B0922205671A0008ED8AD /* ViewController.h */,
				B65B0923205671A0008ED8AD /* ViewController.m */,
				B65B0925205671A0008ED8AD /* Main.storyboard */,
				B65B0928205671A0008ED8AD /* Assets.xcassets */,
				B65B092A205671A0008ED8AD /* LaunchScreen.storyboard */,
				B65B092D205671A0008ED8AD /* Info.plist */,
				B65B092E205671A0008ED8AD /* main.m */,
				B60D3D6D205675ED004C71BE /* Foo.swift */,
			);
			path = "MandrakeKitDemo-OC";
			sourceTree = "<group>";
		};
/* End PBXGroup section */

/* Begin PBXNativeTarget section */
		3C25B23F2056276800F59B24 /* MandrakeKitDemo */ = {
			isa = PBXNativeTarget;
			buildConfigurationList = 3C25B2522056276800F59B24 /* Build configuration list for PBXNativeTarget "MandrakeKitDemo" */;
			buildPhases = (
				8E8E8EF2CB1BFF769F29ADB3 /* [CP] Check Pods Manifest.lock */,
				3C25B23C2056276800F59B24 /* Sources */,
				3C25B23D2056276800F59B24 /* Frameworks */,
				3C25B23E2056276800F59B24 /* Resources */,
				3612F6A59A91A8809F5AF0CB /* [CP] Embed Pods Frameworks */,
				BABCE47E43A0E5661D2B09A9 /* [CP] Copy Pods Resources */,
			);
			buildRules = (
			);
			dependencies = (
			);
			name = MandrakeKitDemo;
			productName = MandrakeKitDemo;
			productReference = 3C25B2402056276800F59B24 /* MandrakeKitDemo.app */;
			productType = "com.apple.product-type.application";
		};
		B65B091C205671A0008ED8AD /* MandrakeKitDemo-OC */ = {
			isa = PBXNativeTarget;
			buildConfigurationList = B65B0932205671A0008ED8AD /* Build configuration list for PBXNativeTarget "MandrakeKitDemo-OC" */;
			buildPhases = (
				7380212D5E0F8CB66A05FC83 /* [CP] Check Pods Manifest.lock */,
				B65B0919205671A0008ED8AD /* Sources */,
				B65B091A205671A0008ED8AD /* Frameworks */,
				B65B091B205671A0008ED8AD /* Resources */,
				566B4D53DAA5963AF966E6EF /* [CP] Embed Pods Frameworks */,
				3B0907CD1363534ED2D7B656 /* [CP] Copy Pods Resources */,
			);
			buildRules = (
			);
			dependencies = (
			);
			name = "MandrakeKitDemo-OC";
			productName = "MandrakeKitDemo-OC";
			productReference = B65B091D205671A0008ED8AD /* MandrakeKitDemo-OC.app */;
			productType = "com.apple.product-type.application";
		};
/* End PBXNativeTarget section */

/* Begin PBXProject section */
		3C25B2382056276800F59B24 /* Project object */ = {
			isa = PBXProject;
			attributes = {
				LastSwiftUpdateCheck = 0920;
				LastUpgradeCheck = 0920;
				ORGANIZATIONNAME = "Beary Innovative";
				TargetAttributes = {
					3C25B23F2056276800F59B24 = {
						CreatedOnToolsVersion = 9.2;
						ProvisioningStyle = Automatic;
					};
					B65B091C205671A0008ED8AD = {
						CreatedOnToolsVersion = 9.2;
						LastSwiftMigration = 0920;
						ProvisioningStyle = Automatic;
					};
				};
			};
			buildConfigurationList = 3C25B23B2056276800F59B24 /* Build configuration list for PBXProject "MandrakeKitDemo" */;
			compatibilityVersion = "Xcode 8.0";
			developmentRegion = en;
			hasScannedForEncodings = 0;
			knownRegions = (
				en,
				Base,
			);
			mainGroup = 3C25B2372056276800F59B24;
			productRefGroup = 3C25B2412056276800F59B24 /* Products */;
			projectDirPath = "";
			projectRoot = "";
			targets = (
				3C25B23F2056276800F59B24 /* MandrakeKitDemo */,
				B65B091C205671A0008ED8AD /* MandrakeKitDemo-OC */,
			);
		};
/* End PBXProject section */

/* Begin PBXResourcesBuildPhase section */
		3C25B23E2056276800F59B24 /* Resources */ = {
			isa = PBXResourcesBuildPhase;
			buildActionMask = 2147483647;
			files = (
				3C25B24E2056276800F59B24 /* LaunchScreen.storyboard in Resources */,
				3C25B24B2056276800F59B24 /* Assets.xcassets in Resources */,
				3C25B2492056276800F59B24 /* Main.storyboard in Resources */,
			);
			runOnlyForDeploymentPostprocessing = 0;
		};
		B65B091B205671A0008ED8AD /* Resources */ = {
			isa = PBXResourcesBuildPhase;
			buildActionMask = 2147483647;
			files = (
				B65B092C205671A0008ED8AD /* LaunchScreen.storyboard in Resources */,
				B65B0929205671A0008ED8AD /* Assets.xcassets in Resources */,
				B65B0927205671A0008ED8AD /* Main.storyboard in Resources */,
			);
			runOnlyForDeploymentPostprocessing = 0;
		};
/* End PBXResourcesBuildPhase section */

/* Begin PBXShellScriptBuildPhase section */
		3612F6A59A91A8809F5AF0CB /* [CP] Embed Pods Frameworks */ = {
			isa = PBXShellScriptBuildPhase;
			buildActionMask = 2147483647;
			files = (
			);
			inputPaths = (
				"${SRCROOT}/Pods/Target Support Files/Pods-MandrakeKitDemo/Pods-MandrakeKitDemo-frameworks.sh",
				"${BUILT_PRODUCTS_DIR}/1PasswordExtension/OnePasswordExtension.framework",
				"${BUILT_PRODUCTS_DIR}/AVOSCloud/AVOSCloud.framework",
				"${BUILT_PRODUCTS_DIR}/Action/Action.framework",
				"${BUILT_PRODUCTS_DIR}/Alamofire/Alamofire.framework",
				"${BUILT_PRODUCTS_DIR}/AlamofireNetworkActivityIndicator/AlamofireNetworkActivityIndicator.framework",
				"${BUILT_PRODUCTS_DIR}/CocoaAsyncSocket/CocoaAsyncSocket.framework",
				"${BUILT_PRODUCTS_DIR}/Differ/Differ.framework",
				"${BUILT_PRODUCTS_DIR}/Eureka/Eureka.framework",
				"${BUILT_PRODUCTS_DIR}/ImageViewer/ImageViewer.framework",
				"${BUILT_PRODUCTS_DIR}/Kingfisher/Kingfisher.framework",
				"${BUILT_PRODUCTS_DIR}/KingfisherWebP/KingfisherWebP.framework",
				"${BUILT_PRODUCTS_DIR}/ListDiff/ListDiff.framework",
				"${BUILT_PRODUCTS_DIR}/MDRadialProgress/MDRadialProgress.framework",
				"${PODS_ROOT}/MandrakeKit/CocoaLumberjack.framework",
				"${PODS_ROOT}/MandrakeKit/Diff.framework",
				"${PODS_ROOT}/MandrakeKit/LayoutKit.framework",
				"${PODS_ROOT}/MandrakeKit/Reachability.framework",
				"${PODS_ROOT}/MandrakeKit/SVGKit.framework",
				"${PODS_ROOT}/MandrakeKit/SwiftTweaks.framework",
				"${PODS_ROOT}/MandrakeKit/WSTagsField.framework",
				"${PODS_ROOT}/MandrakeKit/YYText.framework",
				"${BUILT_PRODUCTS_DIR}/NSLogger/NSLogger.framework",
				"${BUILT_PRODUCTS_DIR}/ObjcExceptionBridging/ObjcExceptionBridging.framework",
				"${BUILT_PRODUCTS_DIR}/PKHUD/PKHUD.framework",
				"${BUILT_PRODUCTS_DIR}/R.swift.Library/Rswift.framework",
				"${BUILT_PRODUCTS_DIR}/RSKImageCropper/RSKImageCropper.framework",
				"${BUILT_PRODUCTS_DIR}/Result/Result.framework",
				"${BUILT_PRODUCTS_DIR}/RxCocoa/RxCocoa.framework",
				"${BUILT_PRODUCTS_DIR}/RxSwift/RxSwift.framework",
				"${BUILT_PRODUCTS_DIR}/SDCAlertView/SDCAlertView.framework",
				"${BUILT_PRODUCTS_DIR}/TZImagePickerController/TZImagePickerController.framework",
				"${BUILT_PRODUCTS_DIR}/Tactile/Tactile.framework",
				"${BUILT_PRODUCTS_DIR}/TanImagePicker/TanImagePicker.framework",
				"${BUILT_PRODUCTS_DIR}/Toucan/Toucan.framework",
				"${BUILT_PRODUCTS_DIR}/XCGLogger/XCGLogger.framework",
				"${BUILT_PRODUCTS_DIR}/Zip/Zip.framework",
				"${BUILT_PRODUCTS_DIR}/libwebp/libwebp.framework",
			);
			name = "[CP] Embed Pods Frameworks";
			outputPaths = (
				"${TARGET_BUILD_DIR}/${FRAMEWORKS_FOLDER_PATH}/OnePasswordExtension.framework",
				"${TARGET_BUILD_DIR}/${FRAMEWORKS_FOLDER_PATH}/AVOSCloud.framework",
				"${TARGET_BUILD_DIR}/${FRAMEWORKS_FOLDER_PATH}/Action.framework",
				"${TARGET_BUILD_DIR}/${FRAMEWORKS_FOLDER_PATH}/Alamofire.framework",
				"${TARGET_BUILD_DIR}/${FRAMEWORKS_FOLDER_PATH}/AlamofireNetworkActivityIndicator.framework",
				"${TARGET_BUILD_DIR}/${FRAMEWORKS_FOLDER_PATH}/CocoaAsyncSocket.framework",
				"${TARGET_BUILD_DIR}/${FRAMEWORKS_FOLDER_PATH}/Differ.framework",
				"${TARGET_BUILD_DIR}/${FRAMEWORKS_FOLDER_PATH}/Eureka.framework",
				"${TARGET_BUILD_DIR}/${FRAMEWORKS_FOLDER_PATH}/ImageViewer.framework",
				"${TARGET_BUILD_DIR}/${FRAMEWORKS_FOLDER_PATH}/Kingfisher.framework",
				"${TARGET_BUILD_DIR}/${FRAMEWORKS_FOLDER_PATH}/KingfisherWebP.framework",
				"${TARGET_BUILD_DIR}/${FRAMEWORKS_FOLDER_PATH}/ListDiff.framework",
				"${TARGET_BUILD_DIR}/${FRAMEWORKS_FOLDER_PATH}/MDRadialProgress.framework",
				"${TARGET_BUILD_DIR}/${FRAMEWORKS_FOLDER_PATH}/CocoaLumberjack.framework",
				"${TARGET_BUILD_DIR}/${FRAMEWORKS_FOLDER_PATH}/Diff.framework",
				"${TARGET_BUILD_DIR}/${FRAMEWORKS_FOLDER_PATH}/LayoutKit.framework",
				"${TARGET_BUILD_DIR}/${FRAMEWORKS_FOLDER_PATH}/Reachability.framework",
				"${TARGET_BUILD_DIR}/${FRAMEWORKS_FOLDER_PATH}/SVGKit.framework",
				"${TARGET_BUILD_DIR}/${FRAMEWORKS_FOLDER_PATH}/SwiftTweaks.framework",
				"${TARGET_BUILD_DIR}/${FRAMEWORKS_FOLDER_PATH}/WSTagsField.framework",
				"${TARGET_BUILD_DIR}/${FRAMEWORKS_FOLDER_PATH}/YYText.framework",
				"${TARGET_BUILD_DIR}/${FRAMEWORKS_FOLDER_PATH}/NSLogger.framework",
				"${TARGET_BUILD_DIR}/${FRAMEWORKS_FOLDER_PATH}/ObjcExceptionBridging.framework",
				"${TARGET_BUILD_DIR}/${FRAMEWORKS_FOLDER_PATH}/PKHUD.framework",
				"${TARGET_BUILD_DIR}/${FRAMEWORKS_FOLDER_PATH}/Rswift.framework",
				"${TARGET_BUILD_DIR}/${FRAMEWORKS_FOLDER_PATH}/RSKImageCropper.framework",
				"${TARGET_BUILD_DIR}/${FRAMEWORKS_FOLDER_PATH}/Result.framework",
				"${TARGET_BUILD_DIR}/${FRAMEWORKS_FOLDER_PATH}/RxCocoa.framework",
				"${TARGET_BUILD_DIR}/${FRAMEWORKS_FOLDER_PATH}/RxSwift.framework",
				"${TARGET_BUILD_DIR}/${FRAMEWORKS_FOLDER_PATH}/SDCAlertView.framework",
				"${TARGET_BUILD_DIR}/${FRAMEWORKS_FOLDER_PATH}/TZImagePickerController.framework",
				"${TARGET_BUILD_DIR}/${FRAMEWORKS_FOLDER_PATH}/Tactile.framework",
				"${TARGET_BUILD_DIR}/${FRAMEWORKS_FOLDER_PATH}/TanImagePicker.framework",
				"${TARGET_BUILD_DIR}/${FRAMEWORKS_FOLDER_PATH}/Toucan.framework",
				"${TARGET_BUILD_DIR}/${FRAMEWORKS_FOLDER_PATH}/XCGLogger.framework",
				"${TARGET_BUILD_DIR}/${FRAMEWORKS_FOLDER_PATH}/Zip.framework",
				"${TARGET_BUILD_DIR}/${FRAMEWORKS_FOLDER_PATH}/libwebp.framework",
			);
			runOnlyForDeploymentPostprocessing = 0;
			shellPath = /bin/sh;
			shellScript = "\"${SRCROOT}/Pods/Target Support Files/Pods-MandrakeKitDemo/Pods-MandrakeKitDemo-frameworks.sh\"\n";
			showEnvVarsInLog = 0;
		};
		3B0907CD1363534ED2D7B656 /* [CP] Copy Pods Resources */ = {
			isa = PBXShellScriptBuildPhase;
			buildActionMask = 2147483647;
			files = (
			);
			inputPaths = (
				"${SRCROOT}/Pods/Target Support Files/Pods-MandrakeKitDemo-OC/Pods-MandrakeKitDemo-OC-resources.sh",
				"${PODS_ROOT}/MandrakeKit/MandrakeKit.framework/App.momd",
				"${PODS_ROOT}/MandrakeKit/MandrakeKit.framework/Team.momd",
				"${PODS_ROOT}/MandrakeKit/MandrakeKit.framework/Assets.car",
				"${PODS_ROOT}/MandrakeKit/MandrakeKit.framework/EmoticonKeyboardView.nib",
				"${PODS_ROOT}/MandrakeKit/MandrakeKit.framework/MessageChatPickerCustomViewController.nib",
				"${PODS_ROOT}/MandrakeKit/MandrakeKit.framework/MessageChatPickerCustomViewController_old.nib",
				"${PODS_ROOT}/MandrakeKit/MandrakeKit.framework/Messages.storyboardc",
				"${PODS_ROOT}/MandrakeKit/MandrakeKit.framework/Base.lproj",
				"${PODS_ROOT}/MandrakeKit/MandrakeKit.framework/en.lproj",
				"${PODS_ROOT}/MandrakeKit/MandrakeKit.framework/zh-Hans.lproj",
			);
			name = "[CP] Copy Pods Resources";
			outputPaths = (
				"${TARGET_BUILD_DIR}/${UNLOCALIZED_RESOURCES_FOLDER_PATH}/App.momd",
				"${TARGET_BUILD_DIR}/${UNLOCALIZED_RESOURCES_FOLDER_PATH}/Team.momd",
				"${TARGET_BUILD_DIR}/${UNLOCALIZED_RESOURCES_FOLDER_PATH}/Assets.car",
				"${TARGET_BUILD_DIR}/${UNLOCALIZED_RESOURCES_FOLDER_PATH}/EmoticonKeyboardView.nib",
				"${TARGET_BUILD_DIR}/${UNLOCALIZED_RESOURCES_FOLDER_PATH}/MessageChatPickerCustomViewController.nib",
				"${TARGET_BUILD_DIR}/${UNLOCALIZED_RESOURCES_FOLDER_PATH}/MessageChatPickerCustomViewController_old.nib",
				"${TARGET_BUILD_DIR}/${UNLOCALIZED_RESOURCES_FOLDER_PATH}/Messages.storyboardc",
				"${TARGET_BUILD_DIR}/${UNLOCALIZED_RESOURCES_FOLDER_PATH}/Base.lproj",
				"${TARGET_BUILD_DIR}/${UNLOCALIZED_RESOURCES_FOLDER_PATH}/en.lproj",
				"${TARGET_BUILD_DIR}/${UNLOCALIZED_RESOURCES_FOLDER_PATH}/zh-Hans.lproj",
			);
			runOnlyForDeploymentPostprocessing = 0;
			shellPath = /bin/sh;
			shellScript = "\"${SRCROOT}/Pods/Target Support Files/Pods-MandrakeKitDemo-OC/Pods-MandrakeKitDemo-OC-resources.sh\"\n";
			showEnvVarsInLog = 0;
		};
		566B4D53DAA5963AF966E6EF /* [CP] Embed Pods Frameworks */ = {
			isa = PBXShellScriptBuildPhase;
			buildActionMask = 2147483647;
			files = (
			);
			inputPaths = (
				"${SRCROOT}/Pods/Target Support Files/Pods-MandrakeKitDemo-OC/Pods-MandrakeKitDemo-OC-frameworks.sh",
				"${BUILT_PRODUCTS_DIR}/1PasswordExtension/OnePasswordExtension.framework",
				"${BUILT_PRODUCTS_DIR}/AVOSCloud/AVOSCloud.framework",
				"${BUILT_PRODUCTS_DIR}/Action/Action.framework",
				"${BUILT_PRODUCTS_DIR}/Alamofire/Alamofire.framework",
				"${BUILT_PRODUCTS_DIR}/AlamofireNetworkActivityIndicator/AlamofireNetworkActivityIndicator.framework",
				"${BUILT_PRODUCTS_DIR}/CocoaAsyncSocket/CocoaAsyncSocket.framework",
				"${BUILT_PRODUCTS_DIR}/Differ/Differ.framework",
				"${BUILT_PRODUCTS_DIR}/Eureka/Eureka.framework",
				"${BUILT_PRODUCTS_DIR}/ImageViewer/ImageViewer.framework",
				"${BUILT_PRODUCTS_DIR}/Kingfisher/Kingfisher.framework",
				"${BUILT_PRODUCTS_DIR}/KingfisherWebP/KingfisherWebP.framework",
				"${BUILT_PRODUCTS_DIR}/ListDiff/ListDiff.framework",
				"${BUILT_PRODUCTS_DIR}/MDRadialProgress/MDRadialProgress.framework",
				"${PODS_ROOT}/MandrakeKit/CocoaLumberjack.framework",
				"${PODS_ROOT}/MandrakeKit/Diff.framework",
				"${PODS_ROOT}/MandrakeKit/LayoutKit.framework",
				"${PODS_ROOT}/MandrakeKit/Reachability.framework",
				"${PODS_ROOT}/MandrakeKit/SVGKit.framework",
				"${PODS_ROOT}/MandrakeKit/SwiftTweaks.framework",
				"${PODS_ROOT}/MandrakeKit/WSTagsField.framework",
				"${PODS_ROOT}/MandrakeKit/YYText.framework",
				"${BUILT_PRODUCTS_DIR}/NSLogger/NSLogger.framework",
				"${BUILT_PRODUCTS_DIR}/ObjcExceptionBridging/ObjcExceptionBridging.framework",
				"${BUILT_PRODUCTS_DIR}/PKHUD/PKHUD.framework",
				"${BUILT_PRODUCTS_DIR}/R.swift.Library/Rswift.framework",
				"${BUILT_PRODUCTS_DIR}/RSKImageCropper/RSKImageCropper.framework",
				"${BUILT_PRODUCTS_DIR}/Result/Result.framework",
				"${BUILT_PRODUCTS_DIR}/RxCocoa/RxCocoa.framework",
				"${BUILT_PRODUCTS_DIR}/RxSwift/RxSwift.framework",
				"${BUILT_PRODUCTS_DIR}/SDCAlertView/SDCAlertView.framework",
				"${BUILT_PRODUCTS_DIR}/TZImagePickerController/TZImagePickerController.framework",
				"${BUILT_PRODUCTS_DIR}/Tactile/Tactile.framework",
				"${BUILT_PRODUCTS_DIR}/TanImagePicker/TanImagePicker.framework",
				"${BUILT_PRODUCTS_DIR}/Toucan/Toucan.framework",
				"${BUILT_PRODUCTS_DIR}/XCGLogger/XCGLogger.framework",
				"${BUILT_PRODUCTS_DIR}/Zip/Zip.framework",
				"${BUILT_PRODUCTS_DIR}/libwebp/libwebp.framework",
			);
			name = "[CP] Embed Pods Frameworks";
			outputPaths = (
				"${TARGET_BUILD_DIR}/${FRAMEWORKS_FOLDER_PATH}/OnePasswordExtension.framework",
				"${TARGET_BUILD_DIR}/${FRAMEWORKS_FOLDER_PATH}/AVOSCloud.framework",
				"${TARGET_BUILD_DIR}/${FRAMEWORKS_FOLDER_PATH}/Action.framework",
				"${TARGET_BUILD_DIR}/${FRAMEWORKS_FOLDER_PATH}/Alamofire.framework",
				"${TARGET_BUILD_DIR}/${FRAMEWORKS_FOLDER_PATH}/AlamofireNetworkActivityIndicator.framework",
				"${TARGET_BUILD_DIR}/${FRAMEWORKS_FOLDER_PATH}/CocoaAsyncSocket.framework",
				"${TARGET_BUILD_DIR}/${FRAMEWORKS_FOLDER_PATH}/Differ.framework",
				"${TARGET_BUILD_DIR}/${FRAMEWORKS_FOLDER_PATH}/Eureka.framework",
				"${TARGET_BUILD_DIR}/${FRAMEWORKS_FOLDER_PATH}/ImageViewer.framework",
				"${TARGET_BUILD_DIR}/${FRAMEWORKS_FOLDER_PATH}/Kingfisher.framework",
				"${TARGET_BUILD_DIR}/${FRAMEWORKS_FOLDER_PATH}/KingfisherWebP.framework",
				"${TARGET_BUILD_DIR}/${FRAMEWORKS_FOLDER_PATH}/ListDiff.framework",
				"${TARGET_BUILD_DIR}/${FRAMEWORKS_FOLDER_PATH}/MDRadialProgress.framework",
				"${TARGET_BUILD_DIR}/${FRAMEWORKS_FOLDER_PATH}/CocoaLumberjack.framework",
				"${TARGET_BUILD_DIR}/${FRAMEWORKS_FOLDER_PATH}/Diff.framework",
				"${TARGET_BUILD_DIR}/${FRAMEWORKS_FOLDER_PATH}/LayoutKit.framework",
				"${TARGET_BUILD_DIR}/${FRAMEWORKS_FOLDER_PATH}/Reachability.framework",
				"${TARGET_BUILD_DIR}/${FRAMEWORKS_FOLDER_PATH}/SVGKit.framework",
				"${TARGET_BUILD_DIR}/${FRAMEWORKS_FOLDER_PATH}/SwiftTweaks.framework",
				"${TARGET_BUILD_DIR}/${FRAMEWORKS_FOLDER_PATH}/WSTagsField.framework",
				"${TARGET_BUILD_DIR}/${FRAMEWORKS_FOLDER_PATH}/YYText.framework",
				"${TARGET_BUILD_DIR}/${FRAMEWORKS_FOLDER_PATH}/NSLogger.framework",
				"${TARGET_BUILD_DIR}/${FRAMEWORKS_FOLDER_PATH}/ObjcExceptionBridging.framework",
				"${TARGET_BUILD_DIR}/${FRAMEWORKS_FOLDER_PATH}/PKHUD.framework",
				"${TARGET_BUILD_DIR}/${FRAMEWORKS_FOLDER_PATH}/Rswift.framework",
				"${TARGET_BUILD_DIR}/${FRAMEWORKS_FOLDER_PATH}/RSKImageCropper.framework",
				"${TARGET_BUILD_DIR}/${FRAMEWORKS_FOLDER_PATH}/Result.framework",
				"${TARGET_BUILD_DIR}/${FRAMEWORKS_FOLDER_PATH}/RxCocoa.framework",
				"${TARGET_BUILD_DIR}/${FRAMEWORKS_FOLDER_PATH}/RxSwift.framework",
				"${TARGET_BUILD_DIR}/${FRAMEWORKS_FOLDER_PATH}/SDCAlertView.framework",
				"${TARGET_BUILD_DIR}/${FRAMEWORKS_FOLDER_PATH}/TZImagePickerController.framework",
				"${TARGET_BUILD_DIR}/${FRAMEWORKS_FOLDER_PATH}/Tactile.framework",
				"${TARGET_BUILD_DIR}/${FRAMEWORKS_FOLDER_PATH}/TanImagePicker.framework",
				"${TARGET_BUILD_DIR}/${FRAMEWORKS_FOLDER_PATH}/Toucan.framework",
				"${TARGET_BUILD_DIR}/${FRAMEWORKS_FOLDER_PATH}/XCGLogger.framework",
				"${TARGET_BUILD_DIR}/${FRAMEWORKS_FOLDER_PATH}/Zip.framework",
				"${TARGET_BUILD_DIR}/${FRAMEWORKS_FOLDER_PATH}/libwebp.framework",
			);
			runOnlyForDeploymentPostprocessing = 0;
			shellPath = /bin/sh;
			shellScript = "\"${SRCROOT}/Pods/Target Support Files/Pods-MandrakeKitDemo-OC/Pods-MandrakeKitDemo-OC-frameworks.sh\"\n";
			showEnvVarsInLog = 0;
		};
		7380212D5E0F8CB66A05FC83 /* [CP] Check Pods Manifest.lock */ = {
			isa = PBXShellScriptBuildPhase;
			buildActionMask = 2147483647;
			files = (
			);
			inputPaths = (
				"${PODS_PODFILE_DIR_PATH}/Podfile.lock",
				"${PODS_ROOT}/Manifest.lock",
			);
			name = "[CP] Check Pods Manifest.lock";
			outputPaths = (
				"$(DERIVED_FILE_DIR)/Pods-MandrakeKitDemo-OC-checkManifestLockResult.txt",
			);
			runOnlyForDeploymentPostprocessing = 0;
			shellPath = /bin/sh;
			shellScript = "diff \"${PODS_PODFILE_DIR_PATH}/Podfile.lock\" \"${PODS_ROOT}/Manifest.lock\" > /dev/null\nif [ $? != 0 ] ; then\n    # print error to STDERR\n    echo \"error: The sandbox is not in sync with the Podfile.lock. Run 'pod install' or update your CocoaPods installation.\" >&2\n    exit 1\nfi\n# This output is used by Xcode 'outputs' to avoid re-running this script phase.\necho \"SUCCESS\" > \"${SCRIPT_OUTPUT_FILE_0}\"\n";
			showEnvVarsInLog = 0;
		};
		8E8E8EF2CB1BFF769F29ADB3 /* [CP] Check Pods Manifest.lock */ = {
			isa = PBXShellScriptBuildPhase;
			buildActionMask = 2147483647;
			files = (
			);
			inputPaths = (
				"${PODS_PODFILE_DIR_PATH}/Podfile.lock",
				"${PODS_ROOT}/Manifest.lock",
			);
			name = "[CP] Check Pods Manifest.lock";
			outputPaths = (
				"$(DERIVED_FILE_DIR)/Pods-MandrakeKitDemo-checkManifestLockResult.txt",
			);
			runOnlyForDeploymentPostprocessing = 0;
			shellPath = /bin/sh;
			shellScript = "diff \"${PODS_PODFILE_DIR_PATH}/Podfile.lock\" \"${PODS_ROOT}/Manifest.lock\" > /dev/null\nif [ $? != 0 ] ; then\n    # print error to STDERR\n    echo \"error: The sandbox is not in sync with the Podfile.lock. Run 'pod install' or update your CocoaPods installation.\" >&2\n    exit 1\nfi\n# This output is used by Xcode 'outputs' to avoid re-running this script phase.\necho \"SUCCESS\" > \"${SCRIPT_OUTPUT_FILE_0}\"\n";
			showEnvVarsInLog = 0;
		};
		BABCE47E43A0E5661D2B09A9 /* [CP] Copy Pods Resources */ = {
			isa = PBXShellScriptBuildPhase;
			buildActionMask = 2147483647;
			files = (
			);
			inputPaths = (
				"${SRCROOT}/Pods/Target Support Files/Pods-MandrakeKitDemo/Pods-MandrakeKitDemo-resources.sh",
				"${PODS_ROOT}/MandrakeKit/MandrakeKit.framework/App.momd",
				"${PODS_ROOT}/MandrakeKit/MandrakeKit.framework/Team.momd",
				"${PODS_ROOT}/MandrakeKit/MandrakeKit.framework/Assets.car",
				"${PODS_ROOT}/MandrakeKit/MandrakeKit.framework/EmoticonKeyboardView.nib",
				"${PODS_ROOT}/MandrakeKit/MandrakeKit.framework/MessageChatPickerCustomViewController.nib",
				"${PODS_ROOT}/MandrakeKit/MandrakeKit.framework/MessageChatPickerCustomViewController_old.nib",
				"${PODS_ROOT}/MandrakeKit/MandrakeKit.framework/Messages.storyboardc",
				"${PODS_ROOT}/MandrakeKit/MandrakeKit.framework/Base.lproj",
				"${PODS_ROOT}/MandrakeKit/MandrakeKit.framework/en.lproj",
				"${PODS_ROOT}/MandrakeKit/MandrakeKit.framework/zh-Hans.lproj",
			);
			name = "[CP] Copy Pods Resources";
			outputPaths = (
				"${TARGET_BUILD_DIR}/${UNLOCALIZED_RESOURCES_FOLDER_PATH}/App.momd",
				"${TARGET_BUILD_DIR}/${UNLOCALIZED_RESOURCES_FOLDER_PATH}/Team.momd",
				"${TARGET_BUILD_DIR}/${UNLOCALIZED_RESOURCES_FOLDER_PATH}/Assets.car",
				"${TARGET_BUILD_DIR}/${UNLOCALIZED_RESOURCES_FOLDER_PATH}/EmoticonKeyboardView.nib",
				"${TARGET_BUILD_DIR}/${UNLOCALIZED_RESOURCES_FOLDER_PATH}/MessageChatPickerCustomViewController.nib",
				"${TARGET_BUILD_DIR}/${UNLOCALIZED_RESOURCES_FOLDER_PATH}/MessageChatPickerCustomViewController_old.nib",
				"${TARGET_BUILD_DIR}/${UNLOCALIZED_RESOURCES_FOLDER_PATH}/Messages.storyboardc",
				"${TARGET_BUILD_DIR}/${UNLOCALIZED_RESOURCES_FOLDER_PATH}/Base.lproj",
				"${TARGET_BUILD_DIR}/${UNLOCALIZED_RESOURCES_FOLDER_PATH}/en.lproj",
				"${TARGET_BUILD_DIR}/${UNLOCALIZED_RESOURCES_FOLDER_PATH}/zh-Hans.lproj",
			);
			runOnlyForDeploymentPostprocessing = 0;
			shellPath = /bin/sh;
			shellScript = "\"${SRCROOT}/Pods/Target Support Files/Pods-MandrakeKitDemo/Pods-MandrakeKitDemo-resources.sh\"\n";
			showEnvVarsInLog = 0;
		};
/* End PBXShellScriptBuildPhase section */

/* Begin PBXSourcesBuildPhase section */
		3C25B23C2056276800F59B24 /* Sources */ = {
			isa = PBXSourcesBuildPhase;
			buildActionMask = 2147483647;
			files = (
				3C25B2462056276800F59B24 /* ViewController.swift in Sources */,
				3C25B2442056276800F59B24 /* AppDelegate.swift in Sources */,
			);
			runOnlyForDeploymentPostprocessing = 0;
		};
		B65B0919205671A0008ED8AD /* Sources */ = {
			isa = PBXSourcesBuildPhase;
			buildActionMask = 2147483647;
			files = (
				B60D3D6E205675ED004C71BE /* Foo.swift in Sources */,
				B65B0924205671A0008ED8AD /* ViewController.m in Sources */,
				B65B092F205671A0008ED8AD /* main.m in Sources */,
				B65B0921205671A0008ED8AD /* AppDelegate.m in Sources */,
			);
			runOnlyForDeploymentPostprocessing = 0;
		};
/* End PBXSourcesBuildPhase section */

/* Begin PBXVariantGroup section */
		3C25B2472056276800F59B24 /* Main.storyboard */ = {
			isa = PBXVariantGroup;
			children = (
				3C25B2482056276800F59B24 /* Base */,
			);
			name = Main.storyboard;
			sourceTree = "<group>";
		};
		3C25B24C2056276800F59B24 /* LaunchScreen.storyboard */ = {
			isa = PBXVariantGroup;
			children = (
				3C25B24D2056276800F59B24 /* Base */,
			);
			name = LaunchScreen.storyboard;
			sourceTree = "<group>";
		};
		B65B0925205671A0008ED8AD /* Main.storyboard */ = {
			isa = PBXVariantGroup;
			children = (
				B65B0926205671A0008ED8AD /* Base */,
			);
			name = Main.storyboard;
			sourceTree = "<group>";
		};
		B65B092A205671A0008ED8AD /* LaunchScreen.storyboard */ = {
			isa = PBXVariantGroup;
			children = (
				B65B092B205671A0008ED8AD /* Base */,
			);
			name = LaunchScreen.storyboard;
			sourceTree = "<group>";
		};
/* End PBXVariantGroup section */

/* Begin XCBuildConfiguration section */
		3C25B2502056276800F59B24 /* Debug */ = {
			isa = XCBuildConfiguration;
			buildSettings = {
				ALWAYS_SEARCH_USER_PATHS = NO;
				CLANG_ANALYZER_NONNULL = YES;
				CLANG_ANALYZER_NUMBER_OBJECT_CONVERSION = YES_AGGRESSIVE;
				CLANG_CXX_LANGUAGE_STANDARD = "gnu++14";
				CLANG_CXX_LIBRARY = "libc++";
				CLANG_ENABLE_MODULES = YES;
				CLANG_ENABLE_OBJC_ARC = YES;
				CLANG_WARN_BLOCK_CAPTURE_AUTORELEASING = YES;
				CLANG_WARN_BOOL_CONVERSION = YES;
				CLANG_WARN_COMMA = YES;
				CLANG_WARN_CONSTANT_CONVERSION = YES;
				CLANG_WARN_DIRECT_OBJC_ISA_USAGE = YES_ERROR;
				CLANG_WARN_DOCUMENTATION_COMMENTS = YES;
				CLANG_WARN_EMPTY_BODY = YES;
				CLANG_WARN_ENUM_CONVERSION = YES;
				CLANG_WARN_INFINITE_RECURSION = YES;
				CLANG_WARN_INT_CONVERSION = YES;
				CLANG_WARN_NON_LITERAL_NULL_CONVERSION = YES;
				CLANG_WARN_OBJC_LITERAL_CONVERSION = YES;
				CLANG_WARN_OBJC_ROOT_CLASS = YES_ERROR;
				CLANG_WARN_RANGE_LOOP_ANALYSIS = YES;
				CLANG_WARN_STRICT_PROTOTYPES = YES;
				CLANG_WARN_SUSPICIOUS_MOVE = YES;
				CLANG_WARN_UNGUARDED_AVAILABILITY = YES_AGGRESSIVE;
				CLANG_WARN_UNREACHABLE_CODE = YES;
				CLANG_WARN__DUPLICATE_METHOD_MATCH = YES;
				CODE_SIGN_IDENTITY = "iPhone Developer";
				COPY_PHASE_STRIP = NO;
				DEBUG_INFORMATION_FORMAT = dwarf;
				ENABLE_STRICT_OBJC_MSGSEND = YES;
				ENABLE_TESTABILITY = YES;
				GCC_C_LANGUAGE_STANDARD = gnu11;
				GCC_DYNAMIC_NO_PIC = NO;
				GCC_NO_COMMON_BLOCKS = YES;
				GCC_OPTIMIZATION_LEVEL = 0;
				GCC_PREPROCESSOR_DEFINITIONS = (
					"DEBUG=1",
					"$(inherited)",
				);
				GCC_WARN_64_TO_32_BIT_CONVERSION = YES;
				GCC_WARN_ABOUT_RETURN_TYPE = YES_ERROR;
				GCC_WARN_UNDECLARED_SELECTOR = YES;
				GCC_WARN_UNINITIALIZED_AUTOS = YES_AGGRESSIVE;
				GCC_WARN_UNUSED_FUNCTION = YES;
				GCC_WARN_UNUSED_VARIABLE = YES;
				IPHONEOS_DEPLOYMENT_TARGET = 11.2;
				MTL_ENABLE_DEBUG_INFO = YES;
				ONLY_ACTIVE_ARCH = YES;
				SDKROOT = iphoneos;
				SWIFT_ACTIVE_COMPILATION_CONDITIONS = DEBUG;
				SWIFT_OPTIMIZATION_LEVEL = "-Onone";
			};
			name = Debug;
		};
		3C25B2512056276800F59B24 /* Release */ = {
			isa = XCBuildConfiguration;
			buildSettings = {
				ALWAYS_SEARCH_USER_PATHS = NO;
				CLANG_ANALYZER_NONNULL = YES;
				CLANG_ANALYZER_NUMBER_OBJECT_CONVERSION = YES_AGGRESSIVE;
				CLANG_CXX_LANGUAGE_STANDARD = "gnu++14";
				CLANG_CXX_LIBRARY = "libc++";
				CLANG_ENABLE_MODULES = YES;
				CLANG_ENABLE_OBJC_ARC = YES;
				CLANG_WARN_BLOCK_CAPTURE_AUTORELEASING = YES;
				CLANG_WARN_BOOL_CONVERSION = YES;
				CLANG_WARN_COMMA = YES;
				CLANG_WARN_CONSTANT_CONVERSION = YES;
				CLANG_WARN_DIRECT_OBJC_ISA_USAGE = YES_ERROR;
				CLANG_WARN_DOCUMENTATION_COMMENTS = YES;
				CLANG_WARN_EMPTY_BODY = YES;
				CLANG_WARN_ENUM_CONVERSION = YES;
				CLANG_WARN_INFINITE_RECURSION = YES;
				CLANG_WARN_INT_CONVERSION = YES;
				CLANG_WARN_NON_LITERAL_NULL_CONVERSION = YES;
				CLANG_WARN_OBJC_LITERAL_CONVERSION = YES;
				CLANG_WARN_OBJC_ROOT_CLASS = YES_ERROR;
				CLANG_WARN_RANGE_LOOP_ANALYSIS = YES;
				CLANG_WARN_STRICT_PROTOTYPES = YES;
				CLANG_WARN_SUSPICIOUS_MOVE = YES;
				CLANG_WARN_UNGUARDED_AVAILABILITY = YES_AGGRESSIVE;
				CLANG_WARN_UNREACHABLE_CODE = YES;
				CLANG_WARN__DUPLICATE_METHOD_MATCH = YES;
				CODE_SIGN_IDENTITY = "iPhone Developer";
				COPY_PHASE_STRIP = NO;
				DEBUG_INFORMATION_FORMAT = "dwarf-with-dsym";
				ENABLE_NS_ASSERTIONS = NO;
				ENABLE_STRICT_OBJC_MSGSEND = YES;
				GCC_C_LANGUAGE_STANDARD = gnu11;
				GCC_NO_COMMON_BLOCKS = YES;
				GCC_WARN_64_TO_32_BIT_CONVERSION = YES;
				GCC_WARN_ABOUT_RETURN_TYPE = YES_ERROR;
				GCC_WARN_UNDECLARED_SELECTOR = YES;
				GCC_WARN_UNINITIALIZED_AUTOS = YES_AGGRESSIVE;
				GCC_WARN_UNUSED_FUNCTION = YES;
				GCC_WARN_UNUSED_VARIABLE = YES;
				IPHONEOS_DEPLOYMENT_TARGET = 11.2;
				MTL_ENABLE_DEBUG_INFO = NO;
				SDKROOT = iphoneos;
				SWIFT_OPTIMIZATION_LEVEL = "-Owholemodule";
				VALIDATE_PRODUCT = YES;
			};
			name = Release;
		};
		3C25B2532056276800F59B24 /* Debug */ = {
			isa = XCBuildConfiguration;
			baseConfigurationReference = FC0F8EC6B7D020AFEEC1196D /* Pods-MandrakeKitDemo.debug.xcconfig */;
			buildSettings = {
				ASSETCATALOG_COMPILER_APPICON_NAME = AppIcon;
				CODE_SIGN_STYLE = Automatic;
				DEVELOPMENT_TEAM = 6WX25952EV;
				INFOPLIST_FILE = MandrakeKitDemo/Info.plist;
				IPHONEOS_DEPLOYMENT_TARGET = 9.0;
				LD_RUNPATH_SEARCH_PATHS = "$(inherited) @executable_path/Frameworks";
				PRODUCT_BUNDLE_IDENTIFIER = com.bearyinnovative.MandrakeKitDemo;
				PRODUCT_NAME = "$(TARGET_NAME)";
				SWIFT_VERSION = 4.0;
				TARGETED_DEVICE_FAMILY = "1,2";
			};
			name = Debug;
		};
		3C25B2542056276800F59B24 /* Release */ = {
			isa = XCBuildConfiguration;
			baseConfigurationReference = D0B5F836C6B397E3C0C19467 /* Pods-MandrakeKitDemo.release.xcconfig */;
			buildSettings = {
				ASSETCATALOG_COMPILER_APPICON_NAME = AppIcon;
				CODE_SIGN_STYLE = Automatic;
				DEVELOPMENT_TEAM = 6WX25952EV;
				INFOPLIST_FILE = MandrakeKitDemo/Info.plist;
				IPHONEOS_DEPLOYMENT_TARGET = 9.0;
				LD_RUNPATH_SEARCH_PATHS = "$(inherited) @executable_path/Frameworks";
				PRODUCT_BUNDLE_IDENTIFIER = com.bearyinnovative.MandrakeKitDemo;
				PRODUCT_NAME = "$(TARGET_NAME)";
				SWIFT_VERSION = 4.0;
				TARGETED_DEVICE_FAMILY = "1,2";
			};
			name = Release;
		};
		B65B0930205671A0008ED8AD /* Debug */ = {
			isa = XCBuildConfiguration;
			baseConfigurationReference = D0A2CD47CE6063FD96940741 /* Pods-MandrakeKitDemo-OC.debug.xcconfig */;
			buildSettings = {
				ALWAYS_EMBED_SWIFT_STANDARD_LIBRARIES = NO;
				ASSETCATALOG_COMPILER_APPICON_NAME = AppIcon;
				CLANG_ENABLE_MODULES = YES;
				CODE_SIGN_STYLE = Automatic;
				DEFINES_MODULE = NO;
				INFOPLIST_FILE = "MandrakeKitDemo-OC/Info.plist";
				IPHONEOS_DEPLOYMENT_TARGET = 9.0;
				LD_RUNPATH_SEARCH_PATHS = "$(inherited) @executable_path/Frameworks";
				PRODUCT_BUNDLE_IDENTIFIER = "com.bearyinnovative.MandrakeKitDemo-OC";
				PRODUCT_NAME = "$(TARGET_NAME)";
				SWIFT_OPTIMIZATION_LEVEL = "-Onone";
				SWIFT_VERSION = 4.0;
				TARGETED_DEVICE_FAMILY = "1,2";
			};
			name = Debug;
		};
		B65B0931205671A0008ED8AD /* Release */ = {
			isa = XCBuildConfiguration;
			baseConfigurationReference = 19F960D534116E780EC54401 /* Pods-MandrakeKitDemo-OC.release.xcconfig */;
			buildSettings = {
				ALWAYS_EMBED_SWIFT_STANDARD_LIBRARIES = NO;
				ASSETCATALOG_COMPILER_APPICON_NAME = AppIcon;
				CLANG_ENABLE_MODULES = YES;
				CODE_SIGN_STYLE = Automatic;
				DEFINES_MODULE = NO;
				INFOPLIST_FILE = "MandrakeKitDemo-OC/Info.plist";
				IPHONEOS_DEPLOYMENT_TARGET = 9.0;
				LD_RUNPATH_SEARCH_PATHS = "$(inherited) @executable_path/Frameworks";
				PRODUCT_BUNDLE_IDENTIFIER = "com.bearyinnovative.MandrakeKitDemo-OC";
				PRODUCT_NAME = "$(TARGET_NAME)";
				SWIFT_VERSION = 4.0;
				TARGETED_DEVICE_FAMILY = "1,2";
			};
			name = Release;
		};
/* End XCBuildConfiguration section */

/* Begin XCConfigurationList section */
		3C25B23B2056276800F59B24 /* Build configuration list for PBXProject "MandrakeKitDemo" */ = {
			isa = XCConfigurationList;
			buildConfigurations = (
				3C25B2502056276800F59B24 /* Debug */,
				3C25B2512056276800F59B24 /* Release */,
			);
			defaultConfigurationIsVisible = 0;
			defaultConfigurationName = Release;
		};
		3C25B2522056276800F59B24 /* Build configuration list for PBXNativeTarget "MandrakeKitDemo" */ = {
			isa = XCConfigurationList;
			buildConfigurations = (
				3C25B2532056276800F59B24 /* Debug */,
				3C25B2542056276800F59B24 /* Release */,
			);
			defaultConfigurationIsVisible = 0;
			defaultConfigurationName = Release;
		};
		B65B0932205671A0008ED8AD /* Build configuration list for PBXNativeTarget "MandrakeKitDemo-OC" */ = {
			isa = XCConfigurationList;
			buildConfigurations = (
				B65B0930205671A0008ED8AD /* Debug */,
				B65B0931205671A0008ED8AD /* Release */,
			);
			defaultConfigurationIsVisible = 0;
			defaultConfigurationName = Release;
		};
/* End XCConfigurationList section */
	};
	rootObject = 3C25B2382056276800F59B24 /* Project object */;
}
